
Microsoft Visual Studio Solution File, Format Version 12.00
# Visual Studio Version 17
VisualStudioVersion = 17.3.32901.215
MinimumVisualStudioVersion = 10.0.40219.1
Project("{FAE04EC0-301F-11D3-BF4B-00C04F79EFBC}") = "max_value", "max_value\max_value.csproj", "{E3E49D65-3DE5-4F1E-8EEB-45977D41D3F4}"
EndProject
Global
	GlobalSection(SolutionConfigurationPlatforms) = preSolution
		Debug|Any CPU = Debug|Any CPU
		Release|Any CPU = Release|Any CPU
	EndGlobalSection
	GlobalSection(ProjectConfigurationPlatforms) = postSolution
		{E3E49D65-3DE5-4F1E-8EEB-45977D41D3F4}.Debug|Any CPU.ActiveCfg = Debug|Any CPU
		{E3E49D65-3DE5-4F1E-8EEB-45977D41D3F4}.Debug|Any CPU.Build.0 = Debug|Any CPU
		{E3E49D65-3DE5-4F1E-8EEB-45977D41D3F4}.Release|Any CPU.ActiveCfg = Release|Any CPU
		{E3E49D65-3DE5-4F1E-8EEB-45977D41D3F4}.Release|Any CPU.Build.0 = Release|Any CPU
	EndGlobalSection
	GlobalSection(SolutionProperties) = preSolution
		HideSolutionNode = FALSE
	EndGlobalSection
	GlobalSection(ExtensibilityGlobals) = postSolution
		SolutionGuid = {901CDF8C-B4C2-45A9-BBCB-D68B4A0B2E24}
	EndGlobalSection
EndGlobal
