
Microsoft Visual Studio Solution File, Format Version 12.00
# Visual Studio Version 17
VisualStudioVersion = 17.3.32901.215
MinimumVisualStudioVersion = 10.0.40219.1
Project("{FAE04EC0-301F-11D3-BF4B-00C04F79EFBC}") = "country_dict", "country_dict\country_dict.csproj", "{01425303-F278-4C47-8662-33992ADCFC5D}"
EndProject
Global
	GlobalSection(SolutionConfigurationPlatforms) = preSolution
		Debug|Any CPU = Debug|Any CPU
		Release|Any CPU = Release|Any CPU
	EndGlobalSection
	GlobalSection(ProjectConfigurationPlatforms) = postSolution
		{01425303-F278-4C47-8662-33992ADCFC5D}.Debug|Any CPU.ActiveCfg = Debug|Any CPU
		{01425303-F278-4C47-8662-33992ADCFC5D}.Debug|Any CPU.Build.0 = Debug|Any CPU
		{01425303-F278-4C47-8662-33992ADCFC5D}.Release|Any CPU.ActiveCfg = Release|Any CPU
		{01425303-F278-4C47-8662-33992ADCFC5D}.Release|Any CPU.Build.0 = Release|Any CPU
	EndGlobalSection
	GlobalSection(SolutionProperties) = preSolution
		HideSolutionNode = FALSE
	EndGlobalSection
	GlobalSection(ExtensibilityGlobals) = postSolution
		SolutionGuid = {2582CD4D-275F-4730-AFE3-5149157DFA40}
	EndGlobalSection
EndGlobal
