
Microsoft Visual Studio Solution File, Format Version 12.00
# Visual Studio Version 17
VisualStudioVersion = 17.3.32901.215
MinimumVisualStudioVersion = 10.0.40219.1
Project("{FAE04EC0-301F-11D3-BF4B-00C04F79EFBC}") = "line", "line\line.csproj", "{FB51C362-5A96-44D7-9DB9-1DBF4048A23C}"
EndProject
Global
	GlobalSection(SolutionConfigurationPlatforms) = preSolution
		Debug|Any CPU = Debug|Any CPU
		Release|Any CPU = Release|Any CPU
	EndGlobalSection
	GlobalSection(ProjectConfigurationPlatforms) = postSolution
		{FB51C362-5A96-44D7-9DB9-1DBF4048A23C}.Debug|Any CPU.ActiveCfg = Debug|Any CPU
		{FB51C362-5A96-44D7-9DB9-1DBF4048A23C}.Debug|Any CPU.Build.0 = Debug|Any CPU
		{FB51C362-5A96-44D7-9DB9-1DBF4048A23C}.Release|Any CPU.ActiveCfg = Release|Any CPU
		{FB51C362-5A96-44D7-9DB9-1DBF4048A23C}.Release|Any CPU.Build.0 = Release|Any CPU
	EndGlobalSection
	GlobalSection(SolutionProperties) = preSolution
		HideSolutionNode = FALSE
	EndGlobalSection
	GlobalSection(ExtensibilityGlobals) = postSolution
		SolutionGuid = {BB5D92DE-8EE5-4F46-A7C9-B9AF903F03FB}
	EndGlobalSection
EndGlobal
