
Microsoft Visual Studio Solution File, Format Version 12.00
# Visual Studio Version 17
VisualStudioVersion = 17.3.32901.215
MinimumVisualStudioVersion = 10.0.40219.1
Project("{FAE04EC0-301F-11D3-BF4B-00C04F79EFBC}") = "point3D", "point3D\point3D.csproj", "{84E876CB-C3EE-4E44-80AF-D7FE3FC7C6A5}"
EndProject
Global
	GlobalSection(SolutionConfigurationPlatforms) = preSolution
		Debug|Any CPU = Debug|Any CPU
		Release|Any CPU = Release|Any CPU
	EndGlobalSection
	GlobalSection(ProjectConfigurationPlatforms) = postSolution
		{84E876CB-C3EE-4E44-80AF-D7FE3FC7C6A5}.Debug|Any CPU.ActiveCfg = Debug|Any CPU
		{84E876CB-C3EE-4E44-80AF-D7FE3FC7C6A5}.Debug|Any CPU.Build.0 = Debug|Any CPU
		{84E876CB-C3EE-4E44-80AF-D7FE3FC7C6A5}.Release|Any CPU.ActiveCfg = Release|Any CPU
		{84E876CB-C3EE-4E44-80AF-D7FE3FC7C6A5}.Release|Any CPU.Build.0 = Release|Any CPU
	EndGlobalSection
	GlobalSection(SolutionProperties) = preSolution
		HideSolutionNode = FALSE
	EndGlobalSection
	GlobalSection(ExtensibilityGlobals) = postSolution
		SolutionGuid = {1484B356-8787-43BB-8A90-20E6DA0FDCA1}
	EndGlobalSection
EndGlobal
